
Microsoft Visual Studio Solution File, Format Version 12.00
# Visual Studio 14
VisualStudioVersion = 14.0.24720.0
MinimumVisualStudioVersion = 10.0.40219.1
Project("{2150E333-8FDC-42A3-9474-1A3956D46DE8}") = "src", "src", "{ABE9B963-4B85-4674-BFA6-9E79E7E905D2}"
EndProject
Project("{2150E333-8FDC-42A3-9474-1A3956D46DE8}") = "Solution Items", "Solution Items", "{5324B6E2-ADC0-436E-B3FF-97495925BDCB}"
	ProjectSection(SolutionItems) = preProject
		.travis.yml = .travis.yml
		appveyor.yml = appveyor.yml
		build.cmd = build.cmd
		build.ps1 = build.ps1
		build.sh = build.sh
		global.json = global.json
		LICENSE = LICENSE
		NuGet.Config = NuGet.Config
		README.md = README.md
	EndProjectSection
EndProject
Project("{8BB2217D-0F2D-49D1-97BC-3654ED321F3B}") = "Microsoft.AspNetCore.Authentication.VK", "src\Microsoft.AspNetCore.Authentication.VK\Microsoft.AspNetCore.Authentication.VK.xproj", "{EDE545FF-ADBC-4425-A27E-9D30383124D0}"
EndProject
Project("{8BB2217D-0F2D-49D1-97BC-3654ED321F3B}") = "Microsoft.AspNetCore.Authentication.Odnoklassniki", "src\Microsoft.AspNetCore.Authentication.Odnoklassniki\Microsoft.AspNetCore.Authentication.Odnoklassniki.xproj", "{69D7ACF9-6202-4F7C-B441-95AB338CF160}"
EndProject
Project("{8BB2217D-0F2D-49D1-97BC-3654ED321F3B}") = "Microsoft.AspNetCore.Authentication.LinkedIn", "src\Microsoft.AspNetCore.Authentication.LinkedIn\Microsoft.AspNetCore.Authentication.LinkedIn.xproj", "{5F33927E-3CB4-4F0B-BBF4-1E2455011F9F}"
EndProject
Project("{2150E333-8FDC-42A3-9474-1A3956D46DE8}") = "samples", "samples", "{569483E3-5F49-4102-A427-7F9C24C0E9D9}"
EndProject
Project("{8BB2217D-0F2D-49D1-97BC-3654ED321F3B}") = "WebApp", "samples\WebApp\WebApp.xproj", "{5276BC73-97EE-4922-9E71-D3183F74DCA6}"
EndProject
Project("{8BB2217D-0F2D-49D1-97BC-3654ED321F3B}") = "Microsoft.AspNetCore.Authentication.Instagram", "src\Microsoft.AspNetCore.Authentication.Instagram\Microsoft.AspNetCore.Authentication.Instagram.xproj", "{44828242-7F5C-4E18-9C0B-A1343456E6E2}"
EndProject
Project("{8BB2217D-0F2D-49D1-97BC-3654ED321F3B}") = "Microsoft.AspNetCore.Authentication.Foursquare", "src\Microsoft.AspNetCore.Authentication.Foursquare\Microsoft.AspNetCore.Authentication.Foursquare.xproj", "{6257CBC4-5BEA-4B92-BE81-07FC1504B503}"
EndProject
Global
	GlobalSection(SolutionConfigurationPlatforms) = preSolution
		Debug|Any CPU = Debug|Any CPU
		Release|Any CPU = Release|Any CPU
	EndGlobalSection
	GlobalSection(ProjectConfigurationPlatforms) = postSolution
		{EDE545FF-ADBC-4425-A27E-9D30383124D0}.Debug|Any CPU.ActiveCfg = Debug|Any CPU
		{EDE545FF-ADBC-4425-A27E-9D30383124D0}.Debug|Any CPU.Build.0 = Debug|Any CPU
		{EDE545FF-ADBC-4425-A27E-9D30383124D0}.Release|Any CPU.ActiveCfg = Release|Any CPU
		{EDE545FF-ADBC-4425-A27E-9D30383124D0}.Release|Any CPU.Build.0 = Release|Any CPU
		{69D7ACF9-6202-4F7C-B441-95AB338CF160}.Debug|Any CPU.ActiveCfg = Debug|Any CPU
		{69D7ACF9-6202-4F7C-B441-95AB338CF160}.Debug|Any CPU.Build.0 = Debug|Any CPU
		{69D7ACF9-6202-4F7C-B441-95AB338CF160}.Release|Any CPU.ActiveCfg = Release|Any CPU
		{69D7ACF9-6202-4F7C-B441-95AB338CF160}.Release|Any CPU.Build.0 = Release|Any CPU
		{5F33927E-3CB4-4F0B-BBF4-1E2455011F9F}.Debug|Any CPU.ActiveCfg = Debug|Any CPU
		{5F33927E-3CB4-4F0B-BBF4-1E2455011F9F}.Debug|Any CPU.Build.0 = Debug|Any CPU
		{5F33927E-3CB4-4F0B-BBF4-1E2455011F9F}.Release|Any CPU.ActiveCfg = Release|Any CPU
		{5F33927E-3CB4-4F0B-BBF4-1E2455011F9F}.Release|Any CPU.Build.0 = Release|Any CPU
		{5276BC73-97EE-4922-9E71-D3183F74DCA6}.Debug|Any CPU.ActiveCfg = Debug|Any CPU
		{5276BC73-97EE-4922-9E71-D3183F74DCA6}.Debug|Any CPU.Build.0 = Debug|Any CPU
		{5276BC73-97EE-4922-9E71-D3183F74DCA6}.Release|Any CPU.ActiveCfg = Release|Any CPU
		{5276BC73-97EE-4922-9E71-D3183F74DCA6}.Release|Any CPU.Build.0 = Release|Any CPU
		{44828242-7F5C-4E18-9C0B-A1343456E6E2}.Debug|Any CPU.ActiveCfg = Debug|Any CPU
		{44828242-7F5C-4E18-9C0B-A1343456E6E2}.Debug|Any CPU.Build.0 = Debug|Any CPU
		{44828242-7F5C-4E18-9C0B-A1343456E6E2}.Release|Any CPU.ActiveCfg = Release|Any CPU
		{44828242-7F5C-4E18-9C0B-A1343456E6E2}.Release|Any CPU.Build.0 = Release|Any CPU
		{6257CBC4-5BEA-4B92-BE81-07FC1504B503}.Debug|Any CPU.ActiveCfg = Debug|Any CPU
		{6257CBC4-5BEA-4B92-BE81-07FC1504B503}.Debug|Any CPU.Build.0 = Debug|Any CPU
		{6257CBC4-5BEA-4B92-BE81-07FC1504B503}.Release|Any CPU.ActiveCfg = Release|Any CPU
		{6257CBC4-5BEA-4B92-BE81-07FC1504B503}.Release|Any CPU.Build.0 = Release|Any CPU
	EndGlobalSection
	GlobalSection(SolutionProperties) = preSolution
		HideSolutionNode = FALSE
	EndGlobalSection
	GlobalSection(NestedProjects) = preSolution
		{EDE545FF-ADBC-4425-A27E-9D30383124D0} = {ABE9B963-4B85-4674-BFA6-9E79E7E905D2}
		{69D7ACF9-6202-4F7C-B441-95AB338CF160} = {ABE9B963-4B85-4674-BFA6-9E79E7E905D2}
		{5F33927E-3CB4-4F0B-BBF4-1E2455011F9F} = {ABE9B963-4B85-4674-BFA6-9E79E7E905D2}
		{5276BC73-97EE-4922-9E71-D3183F74DCA6} = {569483E3-5F49-4102-A427-7F9C24C0E9D9}
		{44828242-7F5C-4E18-9C0B-A1343456E6E2} = {ABE9B963-4B85-4674-BFA6-9E79E7E905D2}
		{6257CBC4-5BEA-4B92-BE81-07FC1504B503} = {ABE9B963-4B85-4674-BFA6-9E79E7E905D2}
	EndGlobalSection
EndGlobal
